
Microsoft Visual Studio Solution File, Format Version 12.00
# Visual Studio 15
VisualStudioVersion = 15.0.27428.2027
MinimumVisualStudioVersion = 10.0.40219.1
Project("{FAE04EC0-301F-11D3-BF4B-00C04F79EFBC}") = "TestingSave", "TestingSave\TestingSave.csproj", "{7746DC01-7685-4627-B4F3-87E7B2832414}"
EndProject
Global
	GlobalSection(SolutionConfigurationPlatforms) = preSolution
		Debug|Any CPU = Debug|Any CPU
		Release|Any CPU = Release|Any CPU
	EndGlobalSection
	GlobalSection(ProjectConfigurationPlatforms) = postSolution
		{7746DC01-7685-4627-B4F3-87E7B2832414}.Debug|Any CPU.ActiveCfg = Debug|Any CPU
		{7746DC01-7685-4627-B4F3-87E7B2832414}.Debug|Any CPU.Build.0 = Debug|Any CPU
		{7746DC01-7685-4627-B4F3-87E7B2832414}.Release|Any CPU.ActiveCfg = Release|Any CPU
		{7746DC01-7685-4627-B4F3-87E7B2832414}.Release|Any CPU.Build.0 = Release|Any CPU
	EndGlobalSection
	GlobalSection(SolutionProperties) = preSolution
		HideSolutionNode = FALSE
	EndGlobalSection
	GlobalSection(ExtensibilityGlobals) = postSolution
		SolutionGuid = {A553ECDF-728C-4483-91DC-A9FCEA212E36}
	EndGlobalSection
EndGlobal
