Microsoft Visual Studio Solution File, Format Version 12.00
# Visual Studio 15
VisualStudioVersion = 15.0.28010.2041
MinimumVisualStudioVersion = 10.0.40219.1
Project("{FAE04EC0-301F-11D3-BF4B-00C04F79EFBC}") = "xadventure", "xadventure\xadventure.csproj", "{D6B013F9-5D63-4A93-8DB8-DCF46AA37034}"
EndProject
Project("{FAE04EC0-301F-11D3-BF4B-00C04F79EFBC}") = "Engine", "Engine\Engine.csproj", "{77765E94-1DD4-425D-910D-7F96E530BB3E}"
EndProject
Global
	GlobalSection(SolutionConfigurationPlatforms) = preSolution
		Debug|Any CPU = Debug|Any CPU
		Debug|x86 = Debug|x86
		Release|Any CPU = Release|Any CPU
		Release|x86 = Release|x86
	EndGlobalSection
	GlobalSection(ProjectConfigurationPlatforms) = postSolution
		{D6B013F9-5D63-4A93-8DB8-DCF46AA37034}.Debug|Any CPU.ActiveCfg = Debug|x86
		{D6B013F9-5D63-4A93-8DB8-DCF46AA37034}.Debug|x86.ActiveCfg = Debug|x86
		{D6B013F9-5D63-4A93-8DB8-DCF46AA37034}.Debug|x86.Build.0 = Debug|x86
		{D6B013F9-5D63-4A93-8DB8-DCF46AA37034}.Release|Any CPU.ActiveCfg = Release|x86
		{D6B013F9-5D63-4A93-8DB8-DCF46AA37034}.Release|x86.ActiveCfg = Release|x86
		{D6B013F9-5D63-4A93-8DB8-DCF46AA37034}.Release|x86.Build.0 = Release|x86
		{77765E94-1DD4-425D-910D-7F96E530BB3E}.Debug|Any CPU.ActiveCfg = Debug|Any CPU
		{77765E94-1DD4-425D-910D-7F96E530BB3E}.Debug|Any CPU.Build.0 = Debug|Any CPU
		{77765E94-1DD4-425D-910D-7F96E530BB3E}.Debug|x86.ActiveCfg = Debug|Any CPU
		{77765E94-1DD4-425D-910D-7F96E530BB3E}.Debug|x86.Build.0 = Debug|Any CPU
		{77765E94-1DD4-425D-910D-7F96E530BB3E}.Release|Any CPU.ActiveCfg = Release|Any CPU
		{77765E94-1DD4-425D-910D-7F96E530BB3E}.Release|Any CPU.Build.0 = Release|Any CPU
		{77765E94-1DD4-425D-910D-7F96E530BB3E}.Release|x86.ActiveCfg = Release|Any CPU
		{77765E94-1DD4-425D-910D-7F96E530BB3E}.Release|x86.Build.0 = Release|Any CPU
	EndGlobalSection
	GlobalSection(SolutionProperties) = preSolution
		HideSolutionNode = FALSE
	EndGlobalSection
	GlobalSection(ExtensibilityGlobals) = postSolution
		SolutionGuid = {8AF260D8-4F16-4D67-AE18-CD25489376B9}
	EndGlobalSection
EndGlobal
