
Microsoft Visual Studio Solution File, Format Version 12.00
# Visual Studio 2012
Project("{FAE04EC0-301F-11D3-BF4B-00C04F79EFBC}") = "xadventure", "xadventure\xadventure.csproj", "{D6B013F9-5D63-4A93-8DB8-DCF46AA37034}"
EndProject
Global
	GlobalSection(SolutionConfigurationPlatforms) = preSolution
		Debug|x86 = Debug|x86
		Release|x86 = Release|x86
	EndGlobalSection
	GlobalSection(ProjectConfigurationPlatforms) = postSolution
		{D6B013F9-5D63-4A93-8DB8-DCF46AA37034}.Debug|x86.ActiveCfg = Debug|x86
		{D6B013F9-5D63-4A93-8DB8-DCF46AA37034}.Debug|x86.Build.0 = Debug|x86
		{D6B013F9-5D63-4A93-8DB8-DCF46AA37034}.Release|x86.ActiveCfg = Release|x86
		{D6B013F9-5D63-4A93-8DB8-DCF46AA37034}.Release|x86.Build.0 = Release|x86
	EndGlobalSection
EndGlobal
